
Microsoft Visual Studio Solution File, Format Version 12.00
# Visual Studio Version 16
VisualStudioVersion = 16.0.28803.202
MinimumVisualStudioVersion = 10.0.40219.1
Project("{FAE04EC0-301F-11D3-BF4B-00C04F79EFBC}") = "Chap02_01", "Chap01\Chap02_01.csproj", "{B91D0AEB-0BA7-47EE-96D2-33A235BF220B}"
EndProject
Project("{FAE04EC0-301F-11D3-BF4B-00C04F79EFBC}") = "Chap02_02", "Chap02_02\Chap02_02.csproj", "{19DC2002-52C3-4EB2-9B13-3818889DA50D}"
EndProject
Project("{FAE04EC0-301F-11D3-BF4B-00C04F79EFBC}") = "Chap02_03", "Chap02_03\Chap02_03.csproj", "{5EC4276B-C63C-4E62-8FE8-DFA599BA4F4A}"
EndProject
Project("{FAE04EC0-301F-11D3-BF4B-00C04F79EFBC}") = "Chap02_04", "Chap02_04\Chap02_04.csproj", "{9796C9EA-3974-452D-B699-97F0FABBFB15}"
EndProject
Project("{FAE04EC0-301F-11D3-BF4B-00C04F79EFBC}") = "ExClass", "ExClass\ExClass.csproj", "{6F3875A1-109C-4619-8A3C-103CA58C16BB}"
EndProject
Project("{FAE04EC0-301F-11D3-BF4B-00C04F79EFBC}") = "ExStructure", "Structure\ExStructure.csproj", "{720631FC-81E6-4807-BC44-78CD411EA0AA}"
EndProject
Project("{FAE04EC0-301F-11D3-BF4B-00C04F79EFBC}") = "ExInterface", "ExInterface\ExInterface.csproj", "{034CC96E-B538-4A42-A666-27127E023D8B}"
EndProject
Project("{FAE04EC0-301F-11D3-BF4B-00C04F79EFBC}") = "AbstractClass", "AbstractClass\AbstractClass.csproj", "{AD6EB411-4843-481D-B0C6-4761E20C178A}"
EndProject
Project("{FAE04EC0-301F-11D3-BF4B-00C04F79EFBC}") = "Accessor", "Accessor\Accessor.csproj", "{AA3BCD10-155F-408E-900C-3A210E8BA092}"
EndProject
Project("{FAE04EC0-301F-11D3-BF4B-00C04F79EFBC}") = "Accessor2", "Accessor2\Accessor2.csproj", "{A54AAD31-0D0D-466A-9D61-C41195407728}"
EndProject
Project("{FAE04EC0-301F-11D3-BF4B-00C04F79EFBC}") = "Accessor3", "Accessor3\Accessor3.csproj", "{BE9BAEDF-C6CB-4D4C-B880-D2C5B51C36B5}"
EndProject
Project("{FAE04EC0-301F-11D3-BF4B-00C04F79EFBC}") = "Array1", "Array1\Array1.csproj", "{40F4244A-7954-4960-B0AC-3E7885349F13}"
EndProject
Project("{FAE04EC0-301F-11D3-BF4B-00C04F79EFBC}") = "Array2", "Array2\Array2.csproj", "{5020357F-8DF5-41C2-AEFF-9ECD81B40D2A}"
EndProject
Project("{FAE04EC0-301F-11D3-BF4B-00C04F79EFBC}") = "Collections", "ArrayList\Collections.csproj", "{3C53303A-7879-4AFF-9427-711D443F6B75}"
EndProject
Project("{FAE04EC0-301F-11D3-BF4B-00C04F79EFBC}") = "IndexerEx", "IndexerEx\IndexerEx.csproj", "{E89CB9C6-5003-4AA3-AF82-9A2F016BC4F1}"
EndProject
Project("{FAE04EC0-301F-11D3-BF4B-00C04F79EFBC}") = "TryParseEx", "TryParseEx\TryParseEx.csproj", "{9BD308A4-CAA1-4C8C-AC71-67F1387B252B}"
EndProject
Project("{FAE04EC0-301F-11D3-BF4B-00C04F79EFBC}") = "GenericProg1", "GenericProg1\GenericProg1.csproj", "{09EA97ED-139D-4491-9C00-06BF04D63913}"
EndProject
Project("{FAE04EC0-301F-11D3-BF4B-00C04F79EFBC}") = "GenericProg2", "GenericProg2\GenericProg2.csproj", "{5E8189A4-CCBB-4490-9BAD-6E338A7314BD}"
EndProject
Project("{FAE04EC0-301F-11D3-BF4B-00C04F79EFBC}") = "GenericCollection", "GenericCollection\GenericCollection.csproj", "{72735518-DAFB-46EB-B322-DFA044CD38FD}"
EndProject
Project("{FAE04EC0-301F-11D3-BF4B-00C04F79EFBC}") = "ExceptionHandling1", "ExeptionHandling1\ExceptionHandling1.csproj", "{1A34AC59-B0DF-4E56-BF8C-C3C1D869C2FD}"
EndProject
Project("{FAE04EC0-301F-11D3-BF4B-00C04F79EFBC}") = "ExceptionHandling2", "ExceptionHandling2\ExceptionHandling2.csproj", "{BCAE61DA-A398-4D52-8234-CAA12E64AA7E}"
EndProject
Project("{FAE04EC0-301F-11D3-BF4B-00C04F79EFBC}") = "WinForm1", "WinForm1\WinForm1.csproj", "{B57C70B3-A584-4593-980A-4F9A3C5DE3B3}"
EndProject
Project("{FAE04EC0-301F-11D3-BF4B-00C04F79EFBC}") = "Calculator", "Calculator\Calculator.csproj", "{78C55297-76E5-4815-AAD2-D8987BAF176D}"
EndProject
Project("{FAE04EC0-301F-11D3-BF4B-00C04F79EFBC}") = "Delegate1", "Delegate1\Delegate1.csproj", "{B49012B0-D3EB-4DA5-82C7-A0010551274B}"
EndProject
Project("{FAE04EC0-301F-11D3-BF4B-00C04F79EFBC}") = "Delegate2", "Delegate2\Delegate2.csproj", "{8F6D5B69-A0D2-4D92-B8AB-168FC97EE490}"
EndProject
Project("{FAE04EC0-301F-11D3-BF4B-00C04F79EFBC}") = "Delegate3", "Delegate3\Delegate3.csproj", "{B467D5DA-8ACD-4C84-8485-B003B7CCE5C9}"
EndProject
Project("{FAE04EC0-301F-11D3-BF4B-00C04F79EFBC}") = "Delegate4", "Delegate4\Delegate4.csproj", "{99B5E312-BDD4-4327-AFCA-F7225FE1D1BF}"
EndProject
Project("{FAE04EC0-301F-11D3-BF4B-00C04F79EFBC}") = "LinqEx1", "LinqEx1\LinqEx1.csproj", "{2984AE2E-60F0-418B-BE00-7FCC7DFA1637}"
EndProject
Project("{FAE04EC0-301F-11D3-BF4B-00C04F79EFBC}") = "EventEx1", "EventEx1\EventEx1.csproj", "{B6C30623-12AC-4CBB-90C7-1DB206FB47E5}"
EndProject
Project("{FAE04EC0-301F-11D3-BF4B-00C04F79EFBC}") = "Delegate5_AnonymousMethod", "Delegate5_AnonymousMethod\Delegate5_AnonymousMethod.csproj", "{89817D6C-2B88-480A-8CE4-D06196F21C8E}"
EndProject
Project("{FAE04EC0-301F-11D3-BF4B-00C04F79EFBC}") = "FileIO_StreamRead", "FileIO_StreamRead\FileIO_StreamRead.csproj", "{66C8F757-C32D-4DFE-B884-867F538E5D55}"
EndProject
Project("{FAE04EC0-301F-11D3-BF4B-00C04F79EFBC}") = "FileIO_StreamWrite", "FileIO_StreamWrite\FileIO_StreamWrite.csproj", "{B29B4F87-CC57-4B62-91DD-98E9D022D842}"
EndProject
Project("{FAE04EC0-301F-11D3-BF4B-00C04F79EFBC}") = "Delegate6", "Delegate6\Delegate6.csproj", "{FAA93A19-8176-41C5-BB3D-E09858B6401F}"
EndProject
Project("{FAE04EC0-301F-11D3-BF4B-00C04F79EFBC}") = "Delegate7", "Delegate7\Delegate7.csproj", "{0539B42E-3C2E-406A-AFCE-AF43310C03BE}"
EndProject
Project("{FAE04EC0-301F-11D3-BF4B-00C04F79EFBC}") = "DelegateAndEvent", "DelegateAndEvent\DelegateAndEvent.csproj", "{6119B0D9-776B-4B11-898E-CC330B2D8ECC}"
EndProject
Project("{FAE04EC0-301F-11D3-BF4B-00C04F79EFBC}") = "Thread1", "Thread1\Thread1.csproj", "{E87A1EB0-736F-4DF0-9AF5-821F8500FD43}"
EndProject
Project("{FAE04EC0-301F-11D3-BF4B-00C04F79EFBC}") = "UserControl1", "UserControl1\UserControl1.csproj", "{8C8008FF-7C5E-4848-A15B-84E27E9AFE69}"
EndProject
Global
	GlobalSection(SolutionConfigurationPlatforms) = preSolution
		Debug|Any CPU = Debug|Any CPU
		Debug|x64 = Debug|x64
		Debug|x86 = Debug|x86
		Release|Any CPU = Release|Any CPU
		Release|x64 = Release|x64
		Release|x86 = Release|x86
	EndGlobalSection
	GlobalSection(ProjectConfigurationPlatforms) = postSolution
		{B91D0AEB-0BA7-47EE-96D2-33A235BF220B}.Debug|Any CPU.ActiveCfg = Debug|Any CPU
		{B91D0AEB-0BA7-47EE-96D2-33A235BF220B}.Debug|Any CPU.Build.0 = Debug|Any CPU
		{B91D0AEB-0BA7-47EE-96D2-33A235BF220B}.Debug|x64.ActiveCfg = Debug|Any CPU
		{B91D0AEB-0BA7-47EE-96D2-33A235BF220B}.Debug|x64.Build.0 = Debug|Any CPU
		{B91D0AEB-0BA7-47EE-96D2-33A235BF220B}.Debug|x86.ActiveCfg = Debug|Any CPU
		{B91D0AEB-0BA7-47EE-96D2-33A235BF220B}.Debug|x86.Build.0 = Debug|Any CPU
		{B91D0AEB-0BA7-47EE-96D2-33A235BF220B}.Release|Any CPU.ActiveCfg = Release|Any CPU
		{B91D0AEB-0BA7-47EE-96D2-33A235BF220B}.Release|Any CPU.Build.0 = Release|Any CPU
		{B91D0AEB-0BA7-47EE-96D2-33A235BF220B}.Release|x64.ActiveCfg = Release|Any CPU
		{B91D0AEB-0BA7-47EE-96D2-33A235BF220B}.Release|x64.Build.0 = Release|Any CPU
		{B91D0AEB-0BA7-47EE-96D2-33A235BF220B}.Release|x86.ActiveCfg = Release|Any CPU
		{B91D0AEB-0BA7-47EE-96D2-33A235BF220B}.Release|x86.Build.0 = Release|Any CPU
		{19DC2002-52C3-4EB2-9B13-3818889DA50D}.Debug|Any CPU.ActiveCfg = Debug|Any CPU
		{19DC2002-52C3-4EB2-9B13-3818889DA50D}.Debug|Any CPU.Build.0 = Debug|Any CPU
		{19DC2002-52C3-4EB2-9B13-3818889DA50D}.Debug|x64.ActiveCfg = Debug|Any CPU
		{19DC2002-52C3-4EB2-9B13-3818889DA50D}.Debug|x64.Build.0 = Debug|Any CPU
		{19DC2002-52C3-4EB2-9B13-3818889DA50D}.Debug|x86.ActiveCfg = Debug|Any CPU
		{19DC2002-52C3-4EB2-9B13-3818889DA50D}.Debug|x86.Build.0 = Debug|Any CPU
		{19DC2002-52C3-4EB2-9B13-3818889DA50D}.Release|Any CPU.ActiveCfg = Release|Any CPU
		{19DC2002-52C3-4EB2-9B13-3818889DA50D}.Release|Any CPU.Build.0 = Release|Any CPU
		{19DC2002-52C3-4EB2-9B13-3818889DA50D}.Release|x64.ActiveCfg = Release|Any CPU
		{19DC2002-52C3-4EB2-9B13-3818889DA50D}.Release|x64.Build.0 = Release|Any CPU
		{19DC2002-52C3-4EB2-9B13-3818889DA50D}.Release|x86.ActiveCfg = Release|Any CPU
		{19DC2002-52C3-4EB2-9B13-3818889DA50D}.Release|x86.Build.0 = Release|Any CPU
		{5EC4276B-C63C-4E62-8FE8-DFA599BA4F4A}.Debug|Any CPU.ActiveCfg = Debug|Any CPU
		{5EC4276B-C63C-4E62-8FE8-DFA599BA4F4A}.Debug|Any CPU.Build.0 = Debug|Any CPU
		{5EC4276B-C63C-4E62-8FE8-DFA599BA4F4A}.Debug|x64.ActiveCfg = Debug|Any CPU
		{5EC4276B-C63C-4E62-8FE8-DFA599BA4F4A}.Debug|x64.Build.0 = Debug|Any CPU
		{5EC4276B-C63C-4E62-8FE8-DFA599BA4F4A}.Debug|x86.ActiveCfg = Debug|Any CPU
		{5EC4276B-C63C-4E62-8FE8-DFA599BA4F4A}.Debug|x86.Build.0 = Debug|Any CPU
		{5EC4276B-C63C-4E62-8FE8-DFA599BA4F4A}.Release|Any CPU.ActiveCfg = Release|Any CPU
		{5EC4276B-C63C-4E62-8FE8-DFA599BA4F4A}.Release|Any CPU.Build.0 = Release|Any CPU
		{5EC4276B-C63C-4E62-8FE8-DFA599BA4F4A}.Release|x64.ActiveCfg = Release|Any CPU
		{5EC4276B-C63C-4E62-8FE8-DFA599BA4F4A}.Release|x64.Build.0 = Release|Any CPU
		{5EC4276B-C63C-4E62-8FE8-DFA599BA4F4A}.Release|x86.ActiveCfg = Release|Any CPU
		{5EC4276B-C63C-4E62-8FE8-DFA599BA4F4A}.Release|x86.Build.0 = Release|Any CPU
		{9796C9EA-3974-452D-B699-97F0FABBFB15}.Debug|Any CPU.ActiveCfg = Debug|Any CPU
		{9796C9EA-3974-452D-B699-97F0FABBFB15}.Debug|Any CPU.Build.0 = Debug|Any CPU
		{9796C9EA-3974-452D-B699-97F0FABBFB15}.Debug|x64.ActiveCfg = Debug|Any CPU
		{9796C9EA-3974-452D-B699-97F0FABBFB15}.Debug|x64.Build.0 = Debug|Any CPU
		{9796C9EA-3974-452D-B699-97F0FABBFB15}.Debug|x86.ActiveCfg = Debug|Any CPU
		{9796C9EA-3974-452D-B699-97F0FABBFB15}.Debug|x86.Build.0 = Debug|Any CPU
		{9796C9EA-3974-452D-B699-97F0FABBFB15}.Release|Any CPU.ActiveCfg = Release|Any CPU
		{9796C9EA-3974-452D-B699-97F0FABBFB15}.Release|Any CPU.Build.0 = Release|Any CPU
		{9796C9EA-3974-452D-B699-97F0FABBFB15}.Release|x64.ActiveCfg = Release|Any CPU
		{9796C9EA-3974-452D-B699-97F0FABBFB15}.Release|x64.Build.0 = Release|Any CPU
		{9796C9EA-3974-452D-B699-97F0FABBFB15}.Release|x86.ActiveCfg = Release|Any CPU
		{9796C9EA-3974-452D-B699-97F0FABBFB15}.Release|x86.Build.0 = Release|Any CPU
		{6F3875A1-109C-4619-8A3C-103CA58C16BB}.Debug|Any CPU.ActiveCfg = Debug|Any CPU
		{6F3875A1-109C-4619-8A3C-103CA58C16BB}.Debug|Any CPU.Build.0 = Debug|Any CPU
		{6F3875A1-109C-4619-8A3C-103CA58C16BB}.Debug|x64.ActiveCfg = Debug|Any CPU
		{6F3875A1-109C-4619-8A3C-103CA58C16BB}.Debug|x64.Build.0 = Debug|Any CPU
		{6F3875A1-109C-4619-8A3C-103CA58C16BB}.Debug|x86.ActiveCfg = Debug|Any CPU
		{6F3875A1-109C-4619-8A3C-103CA58C16BB}.Debug|x86.Build.0 = Debug|Any CPU
		{6F3875A1-109C-4619-8A3C-103CA58C16BB}.Release|Any CPU.ActiveCfg = Release|Any CPU
		{6F3875A1-109C-4619-8A3C-103CA58C16BB}.Release|Any CPU.Build.0 = Release|Any CPU
		{6F3875A1-109C-4619-8A3C-103CA58C16BB}.Release|x64.ActiveCfg = Release|Any CPU
		{6F3875A1-109C-4619-8A3C-103CA58C16BB}.Release|x64.Build.0 = Release|Any CPU
		{6F3875A1-109C-4619-8A3C-103CA58C16BB}.Release|x86.ActiveCfg = Release|Any CPU
		{6F3875A1-109C-4619-8A3C-103CA58C16BB}.Release|x86.Build.0 = Release|Any CPU
		{720631FC-81E6-4807-BC44-78CD411EA0AA}.Debug|Any CPU.ActiveCfg = Debug|Any CPU
		{720631FC-81E6-4807-BC44-78CD411EA0AA}.Debug|Any CPU.Build.0 = Debug|Any CPU
		{720631FC-81E6-4807-BC44-78CD411EA0AA}.Debug|x64.ActiveCfg = Debug|Any CPU
		{720631FC-81E6-4807-BC44-78CD411EA0AA}.Debug|x64.Build.0 = Debug|Any CPU
		{720631FC-81E6-4807-BC44-78CD411EA0AA}.Debug|x86.ActiveCfg = Debug|Any CPU
		{720631FC-81E6-4807-BC44-78CD411EA0AA}.Debug|x86.Build.0 = Debug|Any CPU
		{720631FC-81E6-4807-BC44-78CD411EA0AA}.Release|Any CPU.ActiveCfg = Release|Any CPU
		{720631FC-81E6-4807-BC44-78CD411EA0AA}.Release|Any CPU.Build.0 = Release|Any CPU
		{720631FC-81E6-4807-BC44-78CD411EA0AA}.Release|x64.ActiveCfg = Release|Any CPU
		{720631FC-81E6-4807-BC44-78CD411EA0AA}.Release|x64.Build.0 = Release|Any CPU
		{720631FC-81E6-4807-BC44-78CD411EA0AA}.Release|x86.ActiveCfg = Release|Any CPU
		{720631FC-81E6-4807-BC44-78CD411EA0AA}.Release|x86.Build.0 = Release|Any CPU
		{034CC96E-B538-4A42-A666-27127E023D8B}.Debug|Any CPU.ActiveCfg = Debug|Any CPU
		{034CC96E-B538-4A42-A666-27127E023D8B}.Debug|Any CPU.Build.0 = Debug|Any CPU
		{034CC96E-B538-4A42-A666-27127E023D8B}.Debug|x64.ActiveCfg = Debug|Any CPU
		{034CC96E-B538-4A42-A666-27127E023D8B}.Debug|x64.Build.0 = Debug|Any CPU
		{034CC96E-B538-4A42-A666-27127E023D8B}.Debug|x86.ActiveCfg = Debug|Any CPU
		{034CC96E-B538-4A42-A666-27127E023D8B}.Debug|x86.Build.0 = Debug|Any CPU
		{034CC96E-B538-4A42-A666-27127E023D8B}.Release|Any CPU.ActiveCfg = Release|Any CPU
		{034CC96E-B538-4A42-A666-27127E023D8B}.Release|Any CPU.Build.0 = Release|Any CPU
		{034CC96E-B538-4A42-A666-27127E023D8B}.Release|x64.ActiveCfg = Release|Any CPU
		{034CC96E-B538-4A42-A666-27127E023D8B}.Release|x64.Build.0 = Release|Any CPU
		{034CC96E-B538-4A42-A666-27127E023D8B}.Release|x86.ActiveCfg = Release|Any CPU
		{034CC96E-B538-4A42-A666-27127E023D8B}.Release|x86.Build.0 = Release|Any CPU
		{AD6EB411-4843-481D-B0C6-4761E20C178A}.Debug|Any CPU.ActiveCfg = Debug|Any CPU
		{AD6EB411-4843-481D-B0C6-4761E20C178A}.Debug|Any CPU.Build.0 = Debug|Any CPU
		{AD6EB411-4843-481D-B0C6-4761E20C178A}.Debug|x64.ActiveCfg = Debug|Any CPU
		{AD6EB411-4843-481D-B0C6-4761E20C178A}.Debug|x64.Build.0 = Debug|Any CPU
		{AD6EB411-4843-481D-B0C6-4761E20C178A}.Debug|x86.ActiveCfg = Debug|Any CPU
		{AD6EB411-4843-481D-B0C6-4761E20C178A}.Debug|x86.Build.0 = Debug|Any CPU
		{AD6EB411-4843-481D-B0C6-4761E20C178A}.Release|Any CPU.ActiveCfg = Release|Any CPU
		{AD6EB411-4843-481D-B0C6-4761E20C178A}.Release|Any CPU.Build.0 = Release|Any CPU
		{AD6EB411-4843-481D-B0C6-4761E20C178A}.Release|x64.ActiveCfg = Release|Any CPU
		{AD6EB411-4843-481D-B0C6-4761E20C178A}.Release|x64.Build.0 = Release|Any CPU
		{AD6EB411-4843-481D-B0C6-4761E20C178A}.Release|x86.ActiveCfg = Release|Any CPU
		{AD6EB411-4843-481D-B0C6-4761E20C178A}.Release|x86.Build.0 = Release|Any CPU
		{AA3BCD10-155F-408E-900C-3A210E8BA092}.Debug|Any CPU.ActiveCfg = Debug|Any CPU
		{AA3BCD10-155F-408E-900C-3A210E8BA092}.Debug|Any CPU.Build.0 = Debug|Any CPU
		{AA3BCD10-155F-408E-900C-3A210E8BA092}.Debug|x64.ActiveCfg = Debug|Any CPU
		{AA3BCD10-155F-408E-900C-3A210E8BA092}.Debug|x64.Build.0 = Debug|Any CPU
		{AA3BCD10-155F-408E-900C-3A210E8BA092}.Debug|x86.ActiveCfg = Debug|Any CPU
		{AA3BCD10-155F-408E-900C-3A210E8BA092}.Debug|x86.Build.0 = Debug|Any CPU
		{AA3BCD10-155F-408E-900C-3A210E8BA092}.Release|Any CPU.ActiveCfg = Release|Any CPU
		{AA3BCD10-155F-408E-900C-3A210E8BA092}.Release|Any CPU.Build.0 = Release|Any CPU
		{AA3BCD10-155F-408E-900C-3A210E8BA092}.Release|x64.ActiveCfg = Release|Any CPU
		{AA3BCD10-155F-408E-900C-3A210E8BA092}.Release|x64.Build.0 = Release|Any CPU
		{AA3BCD10-155F-408E-900C-3A210E8BA092}.Release|x86.ActiveCfg = Release|Any CPU
		{AA3BCD10-155F-408E-900C-3A210E8BA092}.Release|x86.Build.0 = Release|Any CPU
		{A54AAD31-0D0D-466A-9D61-C41195407728}.Debug|Any CPU.ActiveCfg = Debug|Any CPU
		{A54AAD31-0D0D-466A-9D61-C41195407728}.Debug|Any CPU.Build.0 = Debug|Any CPU
		{A54AAD31-0D0D-466A-9D61-C41195407728}.Debug|x64.ActiveCfg = Debug|Any CPU
		{A54AAD31-0D0D-466A-9D61-C41195407728}.Debug|x64.Build.0 = Debug|Any CPU
		{A54AAD31-0D0D-466A-9D61-C41195407728}.Debug|x86.ActiveCfg = Debug|Any CPU
		{A54AAD31-0D0D-466A-9D61-C41195407728}.Debug|x86.Build.0 = Debug|Any CPU
		{A54AAD31-0D0D-466A-9D61-C41195407728}.Release|Any CPU.ActiveCfg = Release|Any CPU
		{A54AAD31-0D0D-466A-9D61-C41195407728}.Release|Any CPU.Build.0 = Release|Any CPU
		{A54AAD31-0D0D-466A-9D61-C41195407728}.Release|x64.ActiveCfg = Release|Any CPU
		{A54AAD31-0D0D-466A-9D61-C41195407728}.Release|x64.Build.0 = Release|Any CPU
		{A54AAD31-0D0D-466A-9D61-C41195407728}.Release|x86.ActiveCfg = Release|Any CPU
		{A54AAD31-0D0D-466A-9D61-C41195407728}.Release|x86.Build.0 = Release|Any CPU
		{BE9BAEDF-C6CB-4D4C-B880-D2C5B51C36B5}.Debug|Any CPU.ActiveCfg = Debug|Any CPU
		{BE9BAEDF-C6CB-4D4C-B880-D2C5B51C36B5}.Debug|Any CPU.Build.0 = Debug|Any CPU
		{BE9BAEDF-C6CB-4D4C-B880-D2C5B51C36B5}.Debug|x64.ActiveCfg = Debug|Any CPU
		{BE9BAEDF-C6CB-4D4C-B880-D2C5B51C36B5}.Debug|x64.Build.0 = Debug|Any CPU
		{BE9BAEDF-C6CB-4D4C-B880-D2C5B51C36B5}.Debug|x86.ActiveCfg = Debug|Any CPU
		{BE9BAEDF-C6CB-4D4C-B880-D2C5B51C36B5}.Debug|x86.Build.0 = Debug|Any CPU
		{BE9BAEDF-C6CB-4D4C-B880-D2C5B51C36B5}.Release|Any CPU.ActiveCfg = Release|Any CPU
		{BE9BAEDF-C6CB-4D4C-B880-D2C5B51C36B5}.Release|Any CPU.Build.0 = Release|Any CPU
		{BE9BAEDF-C6CB-4D4C-B880-D2C5B51C36B5}.Release|x64.ActiveCfg = Release|Any CPU
		{BE9BAEDF-C6CB-4D4C-B880-D2C5B51C36B5}.Release|x64.Build.0 = Release|Any CPU
		{BE9BAEDF-C6CB-4D4C-B880-D2C5B51C36B5}.Release|x86.ActiveCfg = Release|Any CPU
		{BE9BAEDF-C6CB-4D4C-B880-D2C5B51C36B5}.Release|x86.Build.0 = Release|Any CPU
		{40F4244A-7954-4960-B0AC-3E7885349F13}.Debug|Any CPU.ActiveCfg = Debug|Any CPU
		{40F4244A-7954-4960-B0AC-3E7885349F13}.Debug|Any CPU.Build.0 = Debug|Any CPU
		{40F4244A-7954-4960-B0AC-3E7885349F13}.Debug|x64.ActiveCfg = Debug|Any CPU
		{40F4244A-7954-4960-B0AC-3E7885349F13}.Debug|x64.Build.0 = Debug|Any CPU
		{40F4244A-7954-4960-B0AC-3E7885349F13}.Debug|x86.ActiveCfg = Debug|Any CPU
		{40F4244A-7954-4960-B0AC-3E7885349F13}.Debug|x86.Build.0 = Debug|Any CPU
		{40F4244A-7954-4960-B0AC-3E7885349F13}.Release|Any CPU.ActiveCfg = Release|Any CPU
		{40F4244A-7954-4960-B0AC-3E7885349F13}.Release|Any CPU.Build.0 = Release|Any CPU
		{40F4244A-7954-4960-B0AC-3E7885349F13}.Release|x64.ActiveCfg = Release|Any CPU
		{40F4244A-7954-4960-B0AC-3E7885349F13}.Release|x64.Build.0 = Release|Any CPU
		{40F4244A-7954-4960-B0AC-3E7885349F13}.Release|x86.ActiveCfg = Release|Any CPU
		{40F4244A-7954-4960-B0AC-3E7885349F13}.Release|x86.Build.0 = Release|Any CPU
		{5020357F-8DF5-41C2-AEFF-9ECD81B40D2A}.Debug|Any CPU.ActiveCfg = Debug|Any CPU
		{5020357F-8DF5-41C2-AEFF-9ECD81B40D2A}.Debug|Any CPU.Build.0 = Debug|Any CPU
		{5020357F-8DF5-41C2-AEFF-9ECD81B40D2A}.Debug|x64.ActiveCfg = Debug|Any CPU
		{5020357F-8DF5-41C2-AEFF-9ECD81B40D2A}.Debug|x64.Build.0 = Debug|Any CPU
		{5020357F-8DF5-41C2-AEFF-9ECD81B40D2A}.Debug|x86.ActiveCfg = Debug|Any CPU
		{5020357F-8DF5-41C2-AEFF-9ECD81B40D2A}.Debug|x86.Build.0 = Debug|Any CPU
		{5020357F-8DF5-41C2-AEFF-9ECD81B40D2A}.Release|Any CPU.ActiveCfg = Release|Any CPU
		{5020357F-8DF5-41C2-AEFF-9ECD81B40D2A}.Release|Any CPU.Build.0 = Release|Any CPU
		{5020357F-8DF5-41C2-AEFF-9ECD81B40D2A}.Release|x64.ActiveCfg = Release|Any CPU
		{5020357F-8DF5-41C2-AEFF-9ECD81B40D2A}.Release|x64.Build.0 = Release|Any CPU
		{5020357F-8DF5-41C2-AEFF-9ECD81B40D2A}.Release|x86.ActiveCfg = Release|Any CPU
		{5020357F-8DF5-41C2-AEFF-9ECD81B40D2A}.Release|x86.Build.0 = Release|Any CPU
		{3C53303A-7879-4AFF-9427-711D443F6B75}.Debug|Any CPU.ActiveCfg = Debug|Any CPU
		{3C53303A-7879-4AFF-9427-711D443F6B75}.Debug|Any CPU.Build.0 = Debug|Any CPU
		{3C53303A-7879-4AFF-9427-711D443F6B75}.Debug|x64.ActiveCfg = Debug|Any CPU
		{3C53303A-7879-4AFF-9427-711D443F6B75}.Debug|x64.Build.0 = Debug|Any CPU
		{3C53303A-7879-4AFF-9427-711D443F6B75}.Debug|x86.ActiveCfg = Debug|Any CPU
		{3C53303A-7879-4AFF-9427-711D443F6B75}.Debug|x86.Build.0 = Debug|Any CPU
		{3C53303A-7879-4AFF-9427-711D443F6B75}.Release|Any CPU.ActiveCfg = Release|Any CPU
		{3C53303A-7879-4AFF-9427-711D443F6B75}.Release|Any CPU.Build.0 = Release|Any CPU
		{3C53303A-7879-4AFF-9427-711D443F6B75}.Release|x64.ActiveCfg = Release|Any CPU
		{3C53303A-7879-4AFF-9427-711D443F6B75}.Release|x64.Build.0 = Release|Any CPU
		{3C53303A-7879-4AFF-9427-711D443F6B75}.Release|x86.ActiveCfg = Release|Any CPU
		{3C53303A-7879-4AFF-9427-711D443F6B75}.Release|x86.Build.0 = Release|Any CPU
		{E89CB9C6-5003-4AA3-AF82-9A2F016BC4F1}.Debug|Any CPU.ActiveCfg = Debug|Any CPU
		{E89CB9C6-5003-4AA3-AF82-9A2F016BC4F1}.Debug|Any CPU.Build.0 = Debug|Any CPU
		{E89CB9C6-5003-4AA3-AF82-9A2F016BC4F1}.Debug|x64.ActiveCfg = Debug|Any CPU
		{E89CB9C6-5003-4AA3-AF82-9A2F016BC4F1}.Debug|x64.Build.0 = Debug|Any CPU
		{E89CB9C6-5003-4AA3-AF82-9A2F016BC4F1}.Debug|x86.ActiveCfg = Debug|Any CPU
		{E89CB9C6-5003-4AA3-AF82-9A2F016BC4F1}.Debug|x86.Build.0 = Debug|Any CPU
		{E89CB9C6-5003-4AA3-AF82-9A2F016BC4F1}.Release|Any CPU.ActiveCfg = Release|Any CPU
		{E89CB9C6-5003-4AA3-AF82-9A2F016BC4F1}.Release|Any CPU.Build.0 = Release|Any CPU
		{E89CB9C6-5003-4AA3-AF82-9A2F016BC4F1}.Release|x64.ActiveCfg = Release|Any CPU
		{E89CB9C6-5003-4AA3-AF82-9A2F016BC4F1}.Release|x64.Build.0 = Release|Any CPU
		{E89CB9C6-5003-4AA3-AF82-9A2F016BC4F1}.Release|x86.ActiveCfg = Release|Any CPU
		{E89CB9C6-5003-4AA3-AF82-9A2F016BC4F1}.Release|x86.Build.0 = Release|Any CPU
		{9BD308A4-CAA1-4C8C-AC71-67F1387B252B}.Debug|Any CPU.ActiveCfg = Debug|Any CPU
		{9BD308A4-CAA1-4C8C-AC71-67F1387B252B}.Debug|Any CPU.Build.0 = Debug|Any CPU
		{9BD308A4-CAA1-4C8C-AC71-67F1387B252B}.Debug|x64.ActiveCfg = Debug|Any CPU
		{9BD308A4-CAA1-4C8C-AC71-67F1387B252B}.Debug|x64.Build.0 = Debug|Any CPU
		{9BD308A4-CAA1-4C8C-AC71-67F1387B252B}.Debug|x86.ActiveCfg = Debug|Any CPU
		{9BD308A4-CAA1-4C8C-AC71-67F1387B252B}.Debug|x86.Build.0 = Debug|Any CPU
		{9BD308A4-CAA1-4C8C-AC71-67F1387B252B}.Release|Any CPU.ActiveCfg = Release|Any CPU
		{9BD308A4-CAA1-4C8C-AC71-67F1387B252B}.Release|Any CPU.Build.0 = Release|Any CPU
		{9BD308A4-CAA1-4C8C-AC71-67F1387B252B}.Release|x64.ActiveCfg = Release|Any CPU
		{9BD308A4-CAA1-4C8C-AC71-67F1387B252B}.Release|x64.Build.0 = Release|Any CPU
		{9BD308A4-CAA1-4C8C-AC71-67F1387B252B}.Release|x86.ActiveCfg = Release|Any CPU
		{9BD308A4-CAA1-4C8C-AC71-67F1387B252B}.Release|x86.Build.0 = Release|Any CPU
		{09EA97ED-139D-4491-9C00-06BF04D63913}.Debug|Any CPU.ActiveCfg = Debug|Any CPU
		{09EA97ED-139D-4491-9C00-06BF04D63913}.Debug|Any CPU.Build.0 = Debug|Any CPU
		{09EA97ED-139D-4491-9C00-06BF04D63913}.Debug|x64.ActiveCfg = Debug|Any CPU
		{09EA97ED-139D-4491-9C00-06BF04D63913}.Debug|x64.Build.0 = Debug|Any CPU
		{09EA97ED-139D-4491-9C00-06BF04D63913}.Debug|x86.ActiveCfg = Debug|Any CPU
		{09EA97ED-139D-4491-9C00-06BF04D63913}.Debug|x86.Build.0 = Debug|Any CPU
		{09EA97ED-139D-4491-9C00-06BF04D63913}.Release|Any CPU.ActiveCfg = Release|Any CPU
		{09EA97ED-139D-4491-9C00-06BF04D63913}.Release|Any CPU.Build.0 = Release|Any CPU
		{09EA97ED-139D-4491-9C00-06BF04D63913}.Release|x64.ActiveCfg = Release|Any CPU
		{09EA97ED-139D-4491-9C00-06BF04D63913}.Release|x64.Build.0 = Release|Any CPU
		{09EA97ED-139D-4491-9C00-06BF04D63913}.Release|x86.ActiveCfg = Release|Any CPU
		{09EA97ED-139D-4491-9C00-06BF04D63913}.Release|x86.Build.0 = Release|Any CPU
		{5E8189A4-CCBB-4490-9BAD-6E338A7314BD}.Debug|Any CPU.ActiveCfg = Debug|Any CPU
		{5E8189A4-CCBB-4490-9BAD-6E338A7314BD}.Debug|Any CPU.Build.0 = Debug|Any CPU
		{5E8189A4-CCBB-4490-9BAD-6E338A7314BD}.Debug|x64.ActiveCfg = Debug|Any CPU
		{5E8189A4-CCBB-4490-9BAD-6E338A7314BD}.Debug|x64.Build.0 = Debug|Any CPU
		{5E8189A4-CCBB-4490-9BAD-6E338A7314BD}.Debug|x86.ActiveCfg = Debug|Any CPU
		{5E8189A4-CCBB-4490-9BAD-6E338A7314BD}.Debug|x86.Build.0 = Debug|Any CPU
		{5E8189A4-CCBB-4490-9BAD-6E338A7314BD}.Release|Any CPU.ActiveCfg = Release|Any CPU
		{5E8189A4-CCBB-4490-9BAD-6E338A7314BD}.Release|Any CPU.Build.0 = Release|Any CPU
		{5E8189A4-CCBB-4490-9BAD-6E338A7314BD}.Release|x64.ActiveCfg = Release|Any CPU
		{5E8189A4-CCBB-4490-9BAD-6E338A7314BD}.Release|x64.Build.0 = Release|Any CPU
		{5E8189A4-CCBB-4490-9BAD-6E338A7314BD}.Release|x86.ActiveCfg = Release|Any CPU
		{5E8189A4-CCBB-4490-9BAD-6E338A7314BD}.Release|x86.Build.0 = Release|Any CPU
		{72735518-DAFB-46EB-B322-DFA044CD38FD}.Debug|Any CPU.ActiveCfg = Debug|Any CPU
		{72735518-DAFB-46EB-B322-DFA044CD38FD}.Debug|Any CPU.Build.0 = Debug|Any CPU
		{72735518-DAFB-46EB-B322-DFA044CD38FD}.Debug|x64.ActiveCfg = Debug|Any CPU
		{72735518-DAFB-46EB-B322-DFA044CD38FD}.Debug|x64.Build.0 = Debug|Any CPU
		{72735518-DAFB-46EB-B322-DFA044CD38FD}.Debug|x86.ActiveCfg = Debug|Any CPU
		{72735518-DAFB-46EB-B322-DFA044CD38FD}.Debug|x86.Build.0 = Debug|Any CPU
		{72735518-DAFB-46EB-B322-DFA044CD38FD}.Release|Any CPU.ActiveCfg = Release|Any CPU
		{72735518-DAFB-46EB-B322-DFA044CD38FD}.Release|Any CPU.Build.0 = Release|Any CPU
		{72735518-DAFB-46EB-B322-DFA044CD38FD}.Release|x64.ActiveCfg = Release|Any CPU
		{72735518-DAFB-46EB-B322-DFA044CD38FD}.Release|x64.Build.0 = Release|Any CPU
		{72735518-DAFB-46EB-B322-DFA044CD38FD}.Release|x86.ActiveCfg = Release|Any CPU
		{72735518-DAFB-46EB-B322-DFA044CD38FD}.Release|x86.Build.0 = Release|Any CPU
		{1A34AC59-B0DF-4E56-BF8C-C3C1D869C2FD}.Debug|Any CPU.ActiveCfg = Debug|Any CPU
		{1A34AC59-B0DF-4E56-BF8C-C3C1D869C2FD}.Debug|Any CPU.Build.0 = Debug|Any CPU
		{1A34AC59-B0DF-4E56-BF8C-C3C1D869C2FD}.Debug|x64.ActiveCfg = Debug|Any CPU
		{1A34AC59-B0DF-4E56-BF8C-C3C1D869C2FD}.Debug|x64.Build.0 = Debug|Any CPU
		{1A34AC59-B0DF-4E56-BF8C-C3C1D869C2FD}.Debug|x86.ActiveCfg = Debug|Any CPU
		{1A34AC59-B0DF-4E56-BF8C-C3C1D869C2FD}.Debug|x86.Build.0 = Debug|Any CPU
		{1A34AC59-B0DF-4E56-BF8C-C3C1D869C2FD}.Release|Any CPU.ActiveCfg = Release|Any CPU
		{1A34AC59-B0DF-4E56-BF8C-C3C1D869C2FD}.Release|Any CPU.Build.0 = Release|Any CPU
		{1A34AC59-B0DF-4E56-BF8C-C3C1D869C2FD}.Release|x64.ActiveCfg = Release|Any CPU
		{1A34AC59-B0DF-4E56-BF8C-C3C1D869C2FD}.Release|x64.Build.0 = Release|Any CPU
		{1A34AC59-B0DF-4E56-BF8C-C3C1D869C2FD}.Release|x86.ActiveCfg = Release|Any CPU
		{1A34AC59-B0DF-4E56-BF8C-C3C1D869C2FD}.Release|x86.Build.0 = Release|Any CPU
		{BCAE61DA-A398-4D52-8234-CAA12E64AA7E}.Debug|Any CPU.ActiveCfg = Debug|Any CPU
		{BCAE61DA-A398-4D52-8234-CAA12E64AA7E}.Debug|Any CPU.Build.0 = Debug|Any CPU
		{BCAE61DA-A398-4D52-8234-CAA12E64AA7E}.Debug|x64.ActiveCfg = Debug|Any CPU
		{BCAE61DA-A398-4D52-8234-CAA12E64AA7E}.Debug|x64.Build.0 = Debug|Any CPU
		{BCAE61DA-A398-4D52-8234-CAA12E64AA7E}.Debug|x86.ActiveCfg = Debug|Any CPU
		{BCAE61DA-A398-4D52-8234-CAA12E64AA7E}.Debug|x86.Build.0 = Debug|Any CPU
		{BCAE61DA-A398-4D52-8234-CAA12E64AA7E}.Release|Any CPU.ActiveCfg = Release|Any CPU
		{BCAE61DA-A398-4D52-8234-CAA12E64AA7E}.Release|Any CPU.Build.0 = Release|Any CPU
		{BCAE61DA-A398-4D52-8234-CAA12E64AA7E}.Release|x64.ActiveCfg = Release|Any CPU
		{BCAE61DA-A398-4D52-8234-CAA12E64AA7E}.Release|x64.Build.0 = Release|Any CPU
		{BCAE61DA-A398-4D52-8234-CAA12E64AA7E}.Release|x86.ActiveCfg = Release|Any CPU
		{BCAE61DA-A398-4D52-8234-CAA12E64AA7E}.Release|x86.Build.0 = Release|Any CPU
		{B57C70B3-A584-4593-980A-4F9A3C5DE3B3}.Debug|Any CPU.ActiveCfg = Debug|Any CPU
		{B57C70B3-A584-4593-980A-4F9A3C5DE3B3}.Debug|Any CPU.Build.0 = Debug|Any CPU
		{B57C70B3-A584-4593-980A-4F9A3C5DE3B3}.Debug|x64.ActiveCfg = Debug|Any CPU
		{B57C70B3-A584-4593-980A-4F9A3C5DE3B3}.Debug|x64.Build.0 = Debug|Any CPU
		{B57C70B3-A584-4593-980A-4F9A3C5DE3B3}.Debug|x86.ActiveCfg = Debug|Any CPU
		{B57C70B3-A584-4593-980A-4F9A3C5DE3B3}.Debug|x86.Build.0 = Debug|Any CPU
		{B57C70B3-A584-4593-980A-4F9A3C5DE3B3}.Release|Any CPU.ActiveCfg = Release|Any CPU
		{B57C70B3-A584-4593-980A-4F9A3C5DE3B3}.Release|Any CPU.Build.0 = Release|Any CPU
		{B57C70B3-A584-4593-980A-4F9A3C5DE3B3}.Release|x64.ActiveCfg = Release|Any CPU
		{B57C70B3-A584-4593-980A-4F9A3C5DE3B3}.Release|x64.Build.0 = Release|Any CPU
		{B57C70B3-A584-4593-980A-4F9A3C5DE3B3}.Release|x86.ActiveCfg = Release|Any CPU
		{B57C70B3-A584-4593-980A-4F9A3C5DE3B3}.Release|x86.Build.0 = Release|Any CPU
		{78C55297-76E5-4815-AAD2-D8987BAF176D}.Debug|Any CPU.ActiveCfg = Debug|Any CPU
		{78C55297-76E5-4815-AAD2-D8987BAF176D}.Debug|Any CPU.Build.0 = Debug|Any CPU
		{78C55297-76E5-4815-AAD2-D8987BAF176D}.Debug|x64.ActiveCfg = Debug|Any CPU
		{78C55297-76E5-4815-AAD2-D8987BAF176D}.Debug|x64.Build.0 = Debug|Any CPU
		{78C55297-76E5-4815-AAD2-D8987BAF176D}.Debug|x86.ActiveCfg = Debug|Any CPU
		{78C55297-76E5-4815-AAD2-D8987BAF176D}.Debug|x86.Build.0 = Debug|Any CPU
		{78C55297-76E5-4815-AAD2-D8987BAF176D}.Release|Any CPU.ActiveCfg = Release|Any CPU
		{78C55297-76E5-4815-AAD2-D8987BAF176D}.Release|Any CPU.Build.0 = Release|Any CPU
		{78C55297-76E5-4815-AAD2-D8987BAF176D}.Release|x64.ActiveCfg = Release|Any CPU
		{78C55297-76E5-4815-AAD2-D8987BAF176D}.Release|x64.Build.0 = Release|Any CPU
		{78C55297-76E5-4815-AAD2-D8987BAF176D}.Release|x86.ActiveCfg = Release|Any CPU
		{78C55297-76E5-4815-AAD2-D8987BAF176D}.Release|x86.Build.0 = Release|Any CPU
		{B49012B0-D3EB-4DA5-82C7-A0010551274B}.Debug|Any CPU.ActiveCfg = Debug|Any CPU
		{B49012B0-D3EB-4DA5-82C7-A0010551274B}.Debug|Any CPU.Build.0 = Debug|Any CPU
		{B49012B0-D3EB-4DA5-82C7-A0010551274B}.Debug|x64.ActiveCfg = Debug|Any CPU
		{B49012B0-D3EB-4DA5-82C7-A0010551274B}.Debug|x64.Build.0 = Debug|Any CPU
		{B49012B0-D3EB-4DA5-82C7-A0010551274B}.Debug|x86.ActiveCfg = Debug|Any CPU
		{B49012B0-D3EB-4DA5-82C7-A0010551274B}.Debug|x86.Build.0 = Debug|Any CPU
		{B49012B0-D3EB-4DA5-82C7-A0010551274B}.Release|Any CPU.ActiveCfg = Release|Any CPU
		{B49012B0-D3EB-4DA5-82C7-A0010551274B}.Release|Any CPU.Build.0 = Release|Any CPU
		{B49012B0-D3EB-4DA5-82C7-A0010551274B}.Release|x64.ActiveCfg = Release|Any CPU
		{B49012B0-D3EB-4DA5-82C7-A0010551274B}.Release|x64.Build.0 = Release|Any CPU
		{B49012B0-D3EB-4DA5-82C7-A0010551274B}.Release|x86.ActiveCfg = Release|Any CPU
		{B49012B0-D3EB-4DA5-82C7-A0010551274B}.Release|x86.Build.0 = Release|Any CPU
		{8F6D5B69-A0D2-4D92-B8AB-168FC97EE490}.Debug|Any CPU.ActiveCfg = Debug|Any CPU
		{8F6D5B69-A0D2-4D92-B8AB-168FC97EE490}.Debug|Any CPU.Build.0 = Debug|Any CPU
		{8F6D5B69-A0D2-4D92-B8AB-168FC97EE490}.Debug|x64.ActiveCfg = Debug|Any CPU
		{8F6D5B69-A0D2-4D92-B8AB-168FC97EE490}.Debug|x64.Build.0 = Debug|Any CPU
		{8F6D5B69-A0D2-4D92-B8AB-168FC97EE490}.Debug|x86.ActiveCfg = Debug|Any CPU
		{8F6D5B69-A0D2-4D92-B8AB-168FC97EE490}.Debug|x86.Build.0 = Debug|Any CPU
		{8F6D5B69-A0D2-4D92-B8AB-168FC97EE490}.Release|Any CPU.ActiveCfg = Release|Any CPU
		{8F6D5B69-A0D2-4D92-B8AB-168FC97EE490}.Release|Any CPU.Build.0 = Release|Any CPU
		{8F6D5B69-A0D2-4D92-B8AB-168FC97EE490}.Release|x64.ActiveCfg = Release|Any CPU
		{8F6D5B69-A0D2-4D92-B8AB-168FC97EE490}.Release|x64.Build.0 = Release|Any CPU
		{8F6D5B69-A0D2-4D92-B8AB-168FC97EE490}.Release|x86.ActiveCfg = Release|Any CPU
		{8F6D5B69-A0D2-4D92-B8AB-168FC97EE490}.Release|x86.Build.0 = Release|Any CPU
		{B467D5DA-8ACD-4C84-8485-B003B7CCE5C9}.Debug|Any CPU.ActiveCfg = Debug|Any CPU
		{B467D5DA-8ACD-4C84-8485-B003B7CCE5C9}.Debug|Any CPU.Build.0 = Debug|Any CPU
		{B467D5DA-8ACD-4C84-8485-B003B7CCE5C9}.Debug|x64.ActiveCfg = Debug|Any CPU
		{B467D5DA-8ACD-4C84-8485-B003B7CCE5C9}.Debug|x64.Build.0 = Debug|Any CPU
		{B467D5DA-8ACD-4C84-8485-B003B7CCE5C9}.Debug|x86.ActiveCfg = Debug|Any CPU
		{B467D5DA-8ACD-4C84-8485-B003B7CCE5C9}.Debug|x86.Build.0 = Debug|Any CPU
		{B467D5DA-8ACD-4C84-8485-B003B7CCE5C9}.Release|Any CPU.ActiveCfg = Release|Any CPU
		{B467D5DA-8ACD-4C84-8485-B003B7CCE5C9}.Release|Any CPU.Build.0 = Release|Any CPU
		{B467D5DA-8ACD-4C84-8485-B003B7CCE5C9}.Release|x64.ActiveCfg = Release|Any CPU
		{B467D5DA-8ACD-4C84-8485-B003B7CCE5C9}.Release|x64.Build.0 = Release|Any CPU
		{B467D5DA-8ACD-4C84-8485-B003B7CCE5C9}.Release|x86.ActiveCfg = Release|Any CPU
		{B467D5DA-8ACD-4C84-8485-B003B7CCE5C9}.Release|x86.Build.0 = Release|Any CPU
		{99B5E312-BDD4-4327-AFCA-F7225FE1D1BF}.Debug|Any CPU.ActiveCfg = Debug|Any CPU
		{99B5E312-BDD4-4327-AFCA-F7225FE1D1BF}.Debug|Any CPU.Build.0 = Debug|Any CPU
		{99B5E312-BDD4-4327-AFCA-F7225FE1D1BF}.Debug|x64.ActiveCfg = Debug|Any CPU
		{99B5E312-BDD4-4327-AFCA-F7225FE1D1BF}.Debug|x64.Build.0 = Debug|Any CPU
		{99B5E312-BDD4-4327-AFCA-F7225FE1D1BF}.Debug|x86.ActiveCfg = Debug|Any CPU
		{99B5E312-BDD4-4327-AFCA-F7225FE1D1BF}.Debug|x86.Build.0 = Debug|Any CPU
		{99B5E312-BDD4-4327-AFCA-F7225FE1D1BF}.Release|Any CPU.ActiveCfg = Release|Any CPU
		{99B5E312-BDD4-4327-AFCA-F7225FE1D1BF}.Release|Any CPU.Build.0 = Release|Any CPU
		{99B5E312-BDD4-4327-AFCA-F7225FE1D1BF}.Release|x64.ActiveCfg = Release|Any CPU
		{99B5E312-BDD4-4327-AFCA-F7225FE1D1BF}.Release|x64.Build.0 = Release|Any CPU
		{99B5E312-BDD4-4327-AFCA-F7225FE1D1BF}.Release|x86.ActiveCfg = Release|Any CPU
		{99B5E312-BDD4-4327-AFCA-F7225FE1D1BF}.Release|x86.Build.0 = Release|Any CPU
		{2984AE2E-60F0-418B-BE00-7FCC7DFA1637}.Debug|Any CPU.ActiveCfg = Debug|Any CPU
		{2984AE2E-60F0-418B-BE00-7FCC7DFA1637}.Debug|Any CPU.Build.0 = Debug|Any CPU
		{2984AE2E-60F0-418B-BE00-7FCC7DFA1637}.Debug|x64.ActiveCfg = Debug|Any CPU
		{2984AE2E-60F0-418B-BE00-7FCC7DFA1637}.Debug|x64.Build.0 = Debug|Any CPU
		{2984AE2E-60F0-418B-BE00-7FCC7DFA1637}.Debug|x86.ActiveCfg = Debug|Any CPU
		{2984AE2E-60F0-418B-BE00-7FCC7DFA1637}.Debug|x86.Build.0 = Debug|Any CPU
		{2984AE2E-60F0-418B-BE00-7FCC7DFA1637}.Release|Any CPU.ActiveCfg = Release|Any CPU
		{2984AE2E-60F0-418B-BE00-7FCC7DFA1637}.Release|Any CPU.Build.0 = Release|Any CPU
		{2984AE2E-60F0-418B-BE00-7FCC7DFA1637}.Release|x64.ActiveCfg = Release|Any CPU
		{2984AE2E-60F0-418B-BE00-7FCC7DFA1637}.Release|x64.Build.0 = Release|Any CPU
		{2984AE2E-60F0-418B-BE00-7FCC7DFA1637}.Release|x86.ActiveCfg = Release|Any CPU
		{2984AE2E-60F0-418B-BE00-7FCC7DFA1637}.Release|x86.Build.0 = Release|Any CPU
		{B6C30623-12AC-4CBB-90C7-1DB206FB47E5}.Debug|Any CPU.ActiveCfg = Debug|Any CPU
		{B6C30623-12AC-4CBB-90C7-1DB206FB47E5}.Debug|Any CPU.Build.0 = Debug|Any CPU
		{B6C30623-12AC-4CBB-90C7-1DB206FB47E5}.Debug|x64.ActiveCfg = Debug|Any CPU
		{B6C30623-12AC-4CBB-90C7-1DB206FB47E5}.Debug|x64.Build.0 = Debug|Any CPU
		{B6C30623-12AC-4CBB-90C7-1DB206FB47E5}.Debug|x86.ActiveCfg = Debug|Any CPU
		{B6C30623-12AC-4CBB-90C7-1DB206FB47E5}.Debug|x86.Build.0 = Debug|Any CPU
		{B6C30623-12AC-4CBB-90C7-1DB206FB47E5}.Release|Any CPU.ActiveCfg = Release|Any CPU
		{B6C30623-12AC-4CBB-90C7-1DB206FB47E5}.Release|Any CPU.Build.0 = Release|Any CPU
		{B6C30623-12AC-4CBB-90C7-1DB206FB47E5}.Release|x64.ActiveCfg = Release|Any CPU
		{B6C30623-12AC-4CBB-90C7-1DB206FB47E5}.Release|x64.Build.0 = Release|Any CPU
		{B6C30623-12AC-4CBB-90C7-1DB206FB47E5}.Release|x86.ActiveCfg = Release|Any CPU
		{B6C30623-12AC-4CBB-90C7-1DB206FB47E5}.Release|x86.Build.0 = Release|Any CPU
		{89817D6C-2B88-480A-8CE4-D06196F21C8E}.Debug|Any CPU.ActiveCfg = Debug|Any CPU
		{89817D6C-2B88-480A-8CE4-D06196F21C8E}.Debug|Any CPU.Build.0 = Debug|Any CPU
		{89817D6C-2B88-480A-8CE4-D06196F21C8E}.Debug|x64.ActiveCfg = Debug|Any CPU
		{89817D6C-2B88-480A-8CE4-D06196F21C8E}.Debug|x64.Build.0 = Debug|Any CPU
		{89817D6C-2B88-480A-8CE4-D06196F21C8E}.Debug|x86.ActiveCfg = Debug|Any CPU
		{89817D6C-2B88-480A-8CE4-D06196F21C8E}.Debug|x86.Build.0 = Debug|Any CPU
		{89817D6C-2B88-480A-8CE4-D06196F21C8E}.Release|Any CPU.ActiveCfg = Release|Any CPU
		{89817D6C-2B88-480A-8CE4-D06196F21C8E}.Release|Any CPU.Build.0 = Release|Any CPU
		{89817D6C-2B88-480A-8CE4-D06196F21C8E}.Release|x64.ActiveCfg = Release|Any CPU
		{89817D6C-2B88-480A-8CE4-D06196F21C8E}.Release|x64.Build.0 = Release|Any CPU
		{89817D6C-2B88-480A-8CE4-D06196F21C8E}.Release|x86.ActiveCfg = Release|Any CPU
		{89817D6C-2B88-480A-8CE4-D06196F21C8E}.Release|x86.Build.0 = Release|Any CPU
		{66C8F757-C32D-4DFE-B884-867F538E5D55}.Debug|Any CPU.ActiveCfg = Debug|Any CPU
		{66C8F757-C32D-4DFE-B884-867F538E5D55}.Debug|Any CPU.Build.0 = Debug|Any CPU
		{66C8F757-C32D-4DFE-B884-867F538E5D55}.Debug|x64.ActiveCfg = Debug|Any CPU
		{66C8F757-C32D-4DFE-B884-867F538E5D55}.Debug|x64.Build.0 = Debug|Any CPU
		{66C8F757-C32D-4DFE-B884-867F538E5D55}.Debug|x86.ActiveCfg = Debug|Any CPU
		{66C8F757-C32D-4DFE-B884-867F538E5D55}.Debug|x86.Build.0 = Debug|Any CPU
		{66C8F757-C32D-4DFE-B884-867F538E5D55}.Release|Any CPU.ActiveCfg = Release|Any CPU
		{66C8F757-C32D-4DFE-B884-867F538E5D55}.Release|Any CPU.Build.0 = Release|Any CPU
		{66C8F757-C32D-4DFE-B884-867F538E5D55}.Release|x64.ActiveCfg = Release|Any CPU
		{66C8F757-C32D-4DFE-B884-867F538E5D55}.Release|x64.Build.0 = Release|Any CPU
		{66C8F757-C32D-4DFE-B884-867F538E5D55}.Release|x86.ActiveCfg = Release|Any CPU
		{66C8F757-C32D-4DFE-B884-867F538E5D55}.Release|x86.Build.0 = Release|Any CPU
		{B29B4F87-CC57-4B62-91DD-98E9D022D842}.Debug|Any CPU.ActiveCfg = Debug|Any CPU
		{B29B4F87-CC57-4B62-91DD-98E9D022D842}.Debug|Any CPU.Build.0 = Debug|Any CPU
		{B29B4F87-CC57-4B62-91DD-98E9D022D842}.Debug|x64.ActiveCfg = Debug|Any CPU
		{B29B4F87-CC57-4B62-91DD-98E9D022D842}.Debug|x64.Build.0 = Debug|Any CPU
		{B29B4F87-CC57-4B62-91DD-98E9D022D842}.Debug|x86.ActiveCfg = Debug|Any CPU
		{B29B4F87-CC57-4B62-91DD-98E9D022D842}.Debug|x86.Build.0 = Debug|Any CPU
		{B29B4F87-CC57-4B62-91DD-98E9D022D842}.Release|Any CPU.ActiveCfg = Release|Any CPU
		{B29B4F87-CC57-4B62-91DD-98E9D022D842}.Release|Any CPU.Build.0 = Release|Any CPU
		{B29B4F87-CC57-4B62-91DD-98E9D022D842}.Release|x64.ActiveCfg = Release|Any CPU
		{B29B4F87-CC57-4B62-91DD-98E9D022D842}.Release|x64.Build.0 = Release|Any CPU
		{B29B4F87-CC57-4B62-91DD-98E9D022D842}.Release|x86.ActiveCfg = Release|Any CPU
		{B29B4F87-CC57-4B62-91DD-98E9D022D842}.Release|x86.Build.0 = Release|Any CPU
		{FAA93A19-8176-41C5-BB3D-E09858B6401F}.Debug|Any CPU.ActiveCfg = Debug|Any CPU
		{FAA93A19-8176-41C5-BB3D-E09858B6401F}.Debug|Any CPU.Build.0 = Debug|Any CPU
		{FAA93A19-8176-41C5-BB3D-E09858B6401F}.Debug|x64.ActiveCfg = Debug|Any CPU
		{FAA93A19-8176-41C5-BB3D-E09858B6401F}.Debug|x64.Build.0 = Debug|Any CPU
		{FAA93A19-8176-41C5-BB3D-E09858B6401F}.Debug|x86.ActiveCfg = Debug|Any CPU
		{FAA93A19-8176-41C5-BB3D-E09858B6401F}.Debug|x86.Build.0 = Debug|Any CPU
		{FAA93A19-8176-41C5-BB3D-E09858B6401F}.Release|Any CPU.ActiveCfg = Release|Any CPU
		{FAA93A19-8176-41C5-BB3D-E09858B6401F}.Release|Any CPU.Build.0 = Release|Any CPU
		{FAA93A19-8176-41C5-BB3D-E09858B6401F}.Release|x64.ActiveCfg = Release|Any CPU
		{FAA93A19-8176-41C5-BB3D-E09858B6401F}.Release|x64.Build.0 = Release|Any CPU
		{FAA93A19-8176-41C5-BB3D-E09858B6401F}.Release|x86.ActiveCfg = Release|Any CPU
		{FAA93A19-8176-41C5-BB3D-E09858B6401F}.Release|x86.Build.0 = Release|Any CPU
		{0539B42E-3C2E-406A-AFCE-AF43310C03BE}.Debug|Any CPU.ActiveCfg = Debug|Any CPU
		{0539B42E-3C2E-406A-AFCE-AF43310C03BE}.Debug|Any CPU.Build.0 = Debug|Any CPU
		{0539B42E-3C2E-406A-AFCE-AF43310C03BE}.Debug|x64.ActiveCfg = Debug|Any CPU
		{0539B42E-3C2E-406A-AFCE-AF43310C03BE}.Debug|x64.Build.0 = Debug|Any CPU
		{0539B42E-3C2E-406A-AFCE-AF43310C03BE}.Debug|x86.ActiveCfg = Debug|Any CPU
		{0539B42E-3C2E-406A-AFCE-AF43310C03BE}.Debug|x86.Build.0 = Debug|Any CPU
		{0539B42E-3C2E-406A-AFCE-AF43310C03BE}.Release|Any CPU.ActiveCfg = Release|Any CPU
		{0539B42E-3C2E-406A-AFCE-AF43310C03BE}.Release|Any CPU.Build.0 = Release|Any CPU
		{0539B42E-3C2E-406A-AFCE-AF43310C03BE}.Release|x64.ActiveCfg = Release|Any CPU
		{0539B42E-3C2E-406A-AFCE-AF43310C03BE}.Release|x64.Build.0 = Release|Any CPU
		{0539B42E-3C2E-406A-AFCE-AF43310C03BE}.Release|x86.ActiveCfg = Release|Any CPU
		{0539B42E-3C2E-406A-AFCE-AF43310C03BE}.Release|x86.Build.0 = Release|Any CPU
		{6119B0D9-776B-4B11-898E-CC330B2D8ECC}.Debug|Any CPU.ActiveCfg = Debug|Any CPU
		{6119B0D9-776B-4B11-898E-CC330B2D8ECC}.Debug|Any CPU.Build.0 = Debug|Any CPU
		{6119B0D9-776B-4B11-898E-CC330B2D8ECC}.Debug|x64.ActiveCfg = Debug|Any CPU
		{6119B0D9-776B-4B11-898E-CC330B2D8ECC}.Debug|x64.Build.0 = Debug|Any CPU
		{6119B0D9-776B-4B11-898E-CC330B2D8ECC}.Debug|x86.ActiveCfg = Debug|Any CPU
		{6119B0D9-776B-4B11-898E-CC330B2D8ECC}.Debug|x86.Build.0 = Debug|Any CPU
		{6119B0D9-776B-4B11-898E-CC330B2D8ECC}.Release|Any CPU.ActiveCfg = Release|Any CPU
		{6119B0D9-776B-4B11-898E-CC330B2D8ECC}.Release|Any CPU.Build.0 = Release|Any CPU
		{6119B0D9-776B-4B11-898E-CC330B2D8ECC}.Release|x64.ActiveCfg = Release|Any CPU
		{6119B0D9-776B-4B11-898E-CC330B2D8ECC}.Release|x64.Build.0 = Release|Any CPU
		{6119B0D9-776B-4B11-898E-CC330B2D8ECC}.Release|x86.ActiveCfg = Release|Any CPU
		{6119B0D9-776B-4B11-898E-CC330B2D8ECC}.Release|x86.Build.0 = Release|Any CPU
		{E87A1EB0-736F-4DF0-9AF5-821F8500FD43}.Debug|Any CPU.ActiveCfg = Debug|Any CPU
		{E87A1EB0-736F-4DF0-9AF5-821F8500FD43}.Debug|Any CPU.Build.0 = Debug|Any CPU
		{E87A1EB0-736F-4DF0-9AF5-821F8500FD43}.Debug|x64.ActiveCfg = Debug|Any CPU
		{E87A1EB0-736F-4DF0-9AF5-821F8500FD43}.Debug|x64.Build.0 = Debug|Any CPU
		{E87A1EB0-736F-4DF0-9AF5-821F8500FD43}.Debug|x86.ActiveCfg = Debug|Any CPU
		{E87A1EB0-736F-4DF0-9AF5-821F8500FD43}.Debug|x86.Build.0 = Debug|Any CPU
		{E87A1EB0-736F-4DF0-9AF5-821F8500FD43}.Release|Any CPU.ActiveCfg = Release|Any CPU
		{E87A1EB0-736F-4DF0-9AF5-821F8500FD43}.Release|Any CPU.Build.0 = Release|Any CPU
		{E87A1EB0-736F-4DF0-9AF5-821F8500FD43}.Release|x64.ActiveCfg = Release|Any CPU
		{E87A1EB0-736F-4DF0-9AF5-821F8500FD43}.Release|x64.Build.0 = Release|Any CPU
		{E87A1EB0-736F-4DF0-9AF5-821F8500FD43}.Release|x86.ActiveCfg = Release|Any CPU
		{E87A1EB0-736F-4DF0-9AF5-821F8500FD43}.Release|x86.Build.0 = Release|Any CPU
		{8C8008FF-7C5E-4848-A15B-84E27E9AFE69}.Debug|Any CPU.ActiveCfg = Debug|Any CPU
		{8C8008FF-7C5E-4848-A15B-84E27E9AFE69}.Debug|Any CPU.Build.0 = Debug|Any CPU
		{8C8008FF-7C5E-4848-A15B-84E27E9AFE69}.Debug|x64.ActiveCfg = Debug|Any CPU
		{8C8008FF-7C5E-4848-A15B-84E27E9AFE69}.Debug|x64.Build.0 = Debug|Any CPU
		{8C8008FF-7C5E-4848-A15B-84E27E9AFE69}.Debug|x86.ActiveCfg = Debug|Any CPU
		{8C8008FF-7C5E-4848-A15B-84E27E9AFE69}.Debug|x86.Build.0 = Debug|Any CPU
		{8C8008FF-7C5E-4848-A15B-84E27E9AFE69}.Release|Any CPU.ActiveCfg = Release|Any CPU
		{8C8008FF-7C5E-4848-A15B-84E27E9AFE69}.Release|Any CPU.Build.0 = Release|Any CPU
		{8C8008FF-7C5E-4848-A15B-84E27E9AFE69}.Release|x64.ActiveCfg = Release|Any CPU
		{8C8008FF-7C5E-4848-A15B-84E27E9AFE69}.Release|x64.Build.0 = Release|Any CPU
		{8C8008FF-7C5E-4848-A15B-84E27E9AFE69}.Release|x86.ActiveCfg = Release|Any CPU
		{8C8008FF-7C5E-4848-A15B-84E27E9AFE69}.Release|x86.Build.0 = Release|Any CPU
	EndGlobalSection
	GlobalSection(SolutionProperties) = preSolution
		HideSolutionNode = FALSE
	EndGlobalSection
	GlobalSection(ExtensibilityGlobals) = postSolution
		SolutionGuid = {78986240-CA0E-4B0E-BED2-9575D6F9EB58}
	EndGlobalSection
EndGlobal
